// !$*UTF8*$!
{
	archiveVersion = 1;
	classes = {
	};
	objectVersion = 46;
	objects = {

/* Begin PBXBuildFile section */
		9429D8672254C52000CD24E3 /* AppDelegate.swift in Sources */ = {isa = PBXBuildFile; fileRef = 9429D8662254C52000CD24E3 /* AppDelegate.swift */; };
		9429D8692254C52000CD24E3 /* ViewController.swift in Sources */ = {isa = PBXBuildFile; fileRef = 9429D8682254C52000CD24E3 /* ViewController.swift */; };
		9429D86C2254C52000CD24E3 /* Main.storyboard in Resources */ = {isa = PBXBuildFile; fileRef = 9429D86A2254C52000CD24E3 /* Main.storyboard */; };
		9429D86E2254C52000CD24E3 /* Assets.xcassets in Resources */ = {isa = PBXBuildFile; fileRef = 9429D86D2254C52000CD24E3 /* Assets.xcassets */; };
		9429D8712254C52000CD24E3 /* LaunchScreen.storyboard in Resources */ = {isa = PBXBuildFile; fileRef = 9429D86F2254C52000CD24E3 /* LaunchScreen.storyboard */; };
		9429D87C2254C52000CD24E3 /* Simple_CalculatorTests.swift in Sources */ = {isa = PBXBuildFile; fileRef = 9429D87B2254C52000CD24E3 /* Simple_CalculatorTests.swift */; };
		9429D8872254C52000CD24E3 /* Simple_CalculatorUITests.swift in Sources */ = {isa = PBXBuildFile; fileRef = 9429D8862254C52000CD24E3 /* Simple_CalculatorUITests.swift */; };
/* End PBXBuildFile section */

/* Begin PBXContainerItemProxy section */
		9429D8782254C52000CD24E3 /* PBXContainerItemProxy */ = {
			isa = PBXContainerItemProxy;
			containerPortal = 9429D85B2254C52000CD24E3 /* Project object */;
			proxyType = 1;
			remoteGlobalIDString = 9429D8622254C52000CD24E3;
			remoteInfo = "Simple Calculator";
		};
		9429D8832254C52000CD24E3 /* PBXContainerItemProxy */ = {
			isa = PBXContainerItemProxy;
			containerPortal = 9429D85B2254C52000CD24E3 /* Project object */;
			proxyType = 1;
			remoteGlobalIDString = 9429D8622254C52000CD24E3;
			remoteInfo = "Simple Calculator";
		};
/* End PBXContainerItemProxy section */

/* Begin PBXFileReference section */
		9429D8632254C52000CD24E3 /* Simple Calculator.app */ = {isa = PBXFileReference; explicitFileType = wrapper.application; includeInIndex = 0; path = "Simple Calculator.app"; sourceTree = BUILT_PRODUCTS_DIR; };
		9429D8662254C52000CD24E3 /* AppDelegate.swift */ = {isa = PBXFileReference; lastKnownFileType = sourcecode.swift; path = AppDelegate.swift; sourceTree = "<group>"; };
		9429D8682254C52000CD24E3 /* ViewController.swift */ = {isa = PBXFileReference; lastKnownFileType = sourcecode.swift; path = ViewController.swift; sourceTree = "<group>"; };
		9429D86B2254C52000CD24E3 /* Base */ = {isa = PBXFileReference; lastKnownFileType = file.storyboard; name = Base; path = Base.lproj/Main.storyboard; sourceTree = "<group>"; };
		9429D86D2254C52000CD24E3 /* Assets.xcassets */ = {isa = PBXFileReference; lastKnownFileType = folder.assetcatalog; path = Assets.xcassets; sourceTree = "<group>"; };
		9429D8702254C52000CD24E3 /* Base */ = {isa = PBXFileReference; lastKnownFileType = file.storyboard; name = Base; path = Base.lproj/LaunchScreen.storyboard; sourceTree = "<group>"; };
		9429D8722254C52000CD24E3 /* Info.plist */ = {isa = PBXFileReference; lastKnownFileType = text.plist.xml; path = Info.plist; sourceTree = "<group>"; };
		9429D8772254C52000CD24E3 /* Simple CalculatorTests.xctest */ = {isa = PBXFileReference; explicitFileType = wrapper.cfbundle; includeInIndex = 0; path = "Simple CalculatorTests.xctest"; sourceTree = BUILT_PRODUCTS_DIR; };
		9429D87B2254C52000CD24E3 /* Simple_CalculatorTests.swift */ = {isa = PBXFileReference; lastKnownFileType = sourcecode.swift; path = Simple_CalculatorTests.swift; sourceTree = "<group>"; };
		9429D87D2254C52000CD24E3 /* Info.plist */ = {isa = PBXFileReference; lastKnownFileType = text.plist.xml; path = Info.plist; sourceTree = "<group>"; };
		9429D8822254C52000CD24E3 /* Simple CalculatorUITests.xctest */ = {isa = PBXFileReference; explicitFileType = wrapper.cfbundle; includeInIndex = 0; path = "Simple CalculatorUITests.xctest"; sourceTree = BUILT_PRODUCTS_DIR; };
		9429D8862254C52000CD24E3 /* Simple_CalculatorUITests.swift */ = {isa = PBXFileReference; lastKnownFileType = sourcecode.swift; path = Simple_CalculatorUITests.swift; sourceTree = "<group>"; };
		9429D8882254C52000CD24E3 /* Info.plist */ = {isa = PBXFileReference; lastKnownFileType = text.plist.xml; path = Info.plist; sourceTree = "<group>"; };
/* End PBXFileReference section */

/* Begin PBXFrameworksBuildPhase section */
		9429D8602254C52000CD24E3 /* Frameworks */ = {
			isa = PBXFrameworksBuildPhase;
			buildActionMask = 2147483647;
			files = (
			);
			runOnlyForDeploymentPostprocessing = 0;
		};
		9429D8742254C52000CD24E3 /* Frameworks */ = {
			isa = PBXFrameworksBuildPhase;
			buildActionMask = 2147483647;
			files = (
			);
			runOnlyForDeploymentPostprocessing = 0;
		};
		9429D87F2254C52000CD24E3 /* Frameworks */ = {
			isa = PBXFrameworksBuildPhase;
			buildActionMask = 2147483647;
			files = (
			);
			runOnlyForDeploymentPostprocessing = 0;
		};
/* End PBXFrameworksBuildPhase section */

/* Begin PBXGroup section */
		9429D85A2254C52000CD24E3 = {
			isa = PBXGroup;
			children = (
				9429D8652254C52000CD24E3 /* Simple Calculator */,
				9429D87A2254C52000CD24E3 /* Simple CalculatorTests */,
				9429D8852254C52000CD24E3 /* Simple CalculatorUITests */,
				9429D8642254C52000CD24E3 /* Products */,
			);
			sourceTree = "<group>";
		};
		9429D8642254C52000CD24E3 /* Products */ = {
			isa = PBXGroup;
			children = (
				9429D8632254C52000CD24E3 /* Simple Calculator.app */,
				9429D8772254C52000CD24E3 /* Simple CalculatorTests.xctest */,
				9429D8822254C52000CD24E3 /* Simple CalculatorUITests.xctest */,
			);
			name = Products;
			sourceTree = "<group>";
		};
		9429D8652254C52000CD24E3 /* Simple Calculator */ = {
			isa = PBXGroup;
			children = (
				9429D8662254C52000CD24E3 /* AppDelegate.swift */,
				9429D8682254C52000CD24E3 /* ViewController.swift */,
				9429D86A2254C52000CD24E3 /* Main.storyboard */,
				9429D86D2254C52000CD24E3 /* Assets.xcassets */,
				9429D86F2254C52000CD24E3 /* LaunchScreen.storyboard */,
				9429D8722254C52000CD24E3 /* Info.plist */,
			);
			path = "Simple Calculator";
			sourceTree = "<group>";
		};
		9429D87A2254C52000CD24E3 /* Simple CalculatorTests */ = {
			isa = PBXGroup;
			children = (
				9429D87B2254C52000CD24E3 /* Simple_CalculatorTests.swift */,
				9429D87D2254C52000CD24E3 /* Info.plist */,
			);
			path = "Simple CalculatorTests";
			sourceTree = "<group>";
		};
		9429D8852254C52000CD24E3 /* Simple CalculatorUITests */ = {
			isa = PBXGroup;
			children = (
				9429D8862254C52000CD24E3 /* Simple_CalculatorUITests.swift */,
				9429D8882254C52000CD24E3 /* Info.plist */,
			);
			path = "Simple CalculatorUITests";
			sourceTree = "<group>";
		};
/* End PBXGroup section */

/* Begin PBXNativeTarget section */
		9429D8622254C52000CD24E3 /* Simple Calculator */ = {
			isa = PBXNativeTarget;
			buildConfigurationList = 9429D88B2254C52000CD24E3 /* Build configuration list for PBXNativeTarget "Simple Calculator" */;
			buildPhases = (
				9429D85F2254C52000CD24E3 /* Sources */,
				9429D8602254C52000CD24E3 /* Frameworks */,
				9429D8612254C52000CD24E3 /* Resources */,
			);
			buildRules = (
			);
			dependencies = (
			);
			name = "Simple Calculator";
			productName = "Simple Calculator";
			productReference = 9429D8632254C52000CD24E3 /* Simple Calculator.app */;
			productType = "com.apple.product-type.application";
		};
		9429D8762254C52000CD24E3 /* Simple CalculatorTests */ = {
			isa = PBXNativeTarget;
			buildConfigurationList = 9429D88E2254C52000CD24E3 /* Build configuration list for PBXNativeTarget "Simple CalculatorTests" */;
			buildPhases = (
				9429D8732254C52000CD24E3 /* Sources */,
				9429D8742254C52000CD24E3 /* Frameworks */,
				9429D8752254C52000CD24E3 /* Resources */,
			);
			buildRules = (
			);
			dependencies = (
				9429D8792254C52000CD24E3 /* PBXTargetDependency */,
			);
			name = "Simple CalculatorTests";
			productName = "Simple CalculatorTests";
			productReference = 9429D8772254C52000CD24E3 /* Simple CalculatorTests.xctest */;
			productType = "com.apple.product-type.bundle.unit-test";
		};
		9429D8812254C52000CD24E3 /* Simple CalculatorUITests */ = {
			isa = PBXNativeTarget;
			buildConfigurationList = 9429D8912254C52000CD24E3 /* Build configuration list for PBXNativeTarget "Simple CalculatorUITests" */;
			buildPhases = (
				9429D87E2254C52000CD24E3 /* Sources */,
				9429D87F2254C52000CD24E3 /* Frameworks */,
				9429D8802254C52000CD24E3 /* Resources */,
			);
			buildRules = (
			);
			dependencies = (
				9429D8842254C52000CD24E3 /* PBXTargetDependency */,
			);
			name = "Simple CalculatorUITests";
			productName = "Simple CalculatorUITests";
			productReference = 9429D8822254C52000CD24E3 /* Simple CalculatorUITests.xctest */;
			productType = "com.apple.product-type.bundle.ui-testing";
		};
/* End PBXNativeTarget section */

/* Begin PBXProject section */
		9429D85B2254C52000CD24E3 /* Project object */ = {
			isa = PBXProject;
			attributes = {
				LastSwiftUpdateCheck = 0830;
				LastUpgradeCheck = 0830;
				ORGANIZATIONNAME = "Peter Jenkin";
				TargetAttributes = {
					9429D8622254C52000CD24E3 = {
						CreatedOnToolsVersion = 8.3;
						ProvisioningStyle = Automatic;
					};
					9429D8762254C52000CD24E3 = {
						CreatedOnToolsVersion = 8.3;
						ProvisioningStyle = Automatic;
						TestTargetID = 9429D8622254C52000CD24E3;
					};
					9429D8812254C52000CD24E3 = {
						CreatedOnToolsVersion = 8.3;
						ProvisioningStyle = Automatic;
						TestTargetID = 9429D8622254C52000CD24E3;
					};
				};
			};
			buildConfigurationList = 9429D85E2254C52000CD24E3 /* Build configuration list for PBXProject "Simple Calculator" */;
			compatibilityVersion = "Xcode 3.2";
			developmentRegion = English;
			hasScannedForEncodings = 0;
			knownRegions = (
				en,
				Base,
			);
			mainGroup = 9429D85A2254C52000CD24E3;
			productRefGroup = 9429D8642254C52000CD24E3 /* Products */;
			projectDirPath = "";
			projectRoot = "";
			targets = (
				9429D8622254C52000CD24E3 /* Simple Calculator */,
				9429D8762254C52000CD24E3 /* Simple CalculatorTests */,
				9429D8812254C52000CD24E3 /* Simple CalculatorUITests */,
			);
		};
/* End PBXProject section */

/* Begin PBXResourcesBuildPhase section */
		9429D8612254C52000CD24E3 /* Resources */ = {
			isa = PBXResourcesBuildPhase;
			buildActionMask = 2147483647;
			files = (
				9429D8712254C52000CD24E3 /* LaunchScreen.storyboard in Resources */,
				9429D86E2254C52000CD24E3 /* Assets.xcassets in Resources */,
				9429D86C2254C52000CD24E3 /* Main.storyboard in Resources */,
			);
			runOnlyForDeploymentPostprocessing = 0;
		};
		9429D8752254C52000CD24E3 /* Resources */ = {
			isa = PBXResourcesBuildPhase;
			buildActionMask = 2147483647;
			files = (
			);
			runOnlyForDeploymentPostprocessing = 0;
		};
		9429D8802254C52000CD24E3 /* Resources */ = {
			isa = PBXResourcesBuildPhase;
			buildActionMask = 2147483647;
			files = (
			);
			runOnlyForDeploymentPostprocessing = 0;
		};
/* End PBXResourcesBuildPhase section */

/* Begin PBXSourcesBuildPhase section */
		9429D85F2254C52000CD24E3 /* Sources */ = {
			isa = PBXSourcesBuildPhase;
			buildActionMask = 2147483647;
			files = (
				9429D8692254C52000CD24E3 /* ViewController.swift in Sources */,
				9429D8672254C52000CD24E3 /* AppDelegate.swift in Sources */,
			);
			runOnlyForDeploymentPostprocessing = 0;
		};
		9429D8732254C52000CD24E3 /* Sources */ = {
			isa = PBXSourcesBuildPhase;
			buildActionMask = 2147483647;
			files = (
				9429D87C2254C52000CD24E3 /* Simple_CalculatorTests.swift in Sources */,
			);
			runOnlyForDeploymentPostprocessing = 0;
		};
		9429D87E2254C52000CD24E3 /* Sources */ = {
			isa = PBXSourcesBuildPhase;
			buildActionMask = 2147483647;
			files = (
				9429D8872254C52000CD24E3 /* Simple_CalculatorUITests.swift in Sources */,
			);
			runOnlyForDeploymentPostprocessing = 0;
		};
/* End PBXSourcesBuildPhase section */

/* Begin PBXTargetDependency section */
		9429D8792254C52000CD24E3 /* PBXTargetDependency */ = {
			isa = PBXTargetDependency;
			target = 9429D8622254C52000CD24E3 /* Simple Calculator */;
			targetProxy = 9429D8782254C52000CD24E3 /* PBXContainerItemProxy */;
		};
		9429D8842254C52000CD24E3 /* PBXTargetDependency */ = {
			isa = PBXTargetDependency;
			target = 9429D8622254C52000CD24E3 /* Simple Calculator */;
			targetProxy = 9429D8832254C52000CD24E3 /* PBXContainerItemProxy */;
		};
/* End PBXTargetDependency section */

/* Begin PBXVariantGroup section */
		9429D86A2254C52000CD24E3 /* Main.storyboard */ = {
			isa = PBXVariantGroup;
			children = (
				9429D86B2254C52000CD24E3 /* Base */,
			);
			name = Main.storyboard;
			sourceTree = "<group>";
		};
		9429D86F2254C52000CD24E3 /* LaunchScreen.storyboard */ = {
			isa = PBXVariantGroup;
			children = (
				9429D8702254C52000CD24E3 /* Base */,
			);
			name = LaunchScreen.storyboard;
			sourceTree = "<group>";
		};
/* End PBXVariantGroup section */

/* Begin XCBuildConfiguration section */
		9429D8892254C52000CD24E3 /* Debug */ = {
			isa = XCBuildConfiguration;
			buildSettings = {
				ALWAYS_SEARCH_USER_PATHS = NO;
				CLANG_ANALYZER_NONNULL = YES;
				CLANG_ANALYZER_NUMBER_OBJECT_CONVERSION = YES_AGGRESSIVE;
				CLANG_CXX_LANGUAGE_STANDARD = "gnu++0x";
				CLANG_CXX_LIBRARY = "libc++";
				CLANG_ENABLE_MODULES = YES;
				CLANG_ENABLE_OBJC_ARC = YES;
				CLANG_WARN_BOOL_CONVERSION = YES;
				CLANG_WARN_CONSTANT_CONVERSION = YES;
				CLANG_WARN_DIRECT_OBJC_ISA_USAGE = YES_ERROR;
				CLANG_WARN_DOCUMENTATION_COMMENTS = YES;
				CLANG_WARN_EMPTY_BODY = YES;
				CLANG_WARN_ENUM_CONVERSION = YES;
				CLANG_WARN_INFINITE_RECURSION = YES;
				CLANG_WARN_INT_CONVERSION = YES;
				CLANG_WARN_OBJC_ROOT_CLASS = YES_ERROR;
				CLANG_WARN_SUSPICIOUS_MOVE = YES;
				CLANG_WARN_UNREACHABLE_CODE = YES;
				CLANG_WARN__DUPLICATE_METHOD_MATCH = YES;
				"CODE_SIGN_IDENTITY[sdk=iphoneos*]" = "iPhone Developer";
				COPY_PHASE_STRIP = NO;
				DEBUG_INFORMATION_FORMAT = dwarf;
				ENABLE_STRICT_OBJC_MSGSEND = YES;
				ENABLE_TESTABILITY = YES;
				GCC_C_LANGUAGE_STANDARD = gnu99;
				GCC_DYNAMIC_NO_PIC = NO;
				GCC_NO_COMMON_BLOCKS = YES;
				GCC_OPTIMIZATION_LEVEL = 0;
				GCC_PREPROCESSOR_DEFINITIONS = (
					"DEBUG=1",
					"$(inherited)",
				);
				GCC_WARN_64_TO_32_BIT_CONVERSION = YES;
				GCC_WARN_ABOUT_RETURN_TYPE = YES_ERROR;
				GCC_WARN_UNDECLARED_SELECTOR = YES;
				GCC_WARN_UNINITIALIZED_AUTOS = YES_AGGRESSIVE;
				GCC_WARN_UNUSED_FUNCTION = YES;
				GCC_WARN_UNUSED_VARIABLE = YES;
				IPHONEOS_DEPLOYMENT_TARGET = 10.3;
				MTL_ENABLE_DEBUG_INFO = YES;
				ONLY_ACTIVE_ARCH = YES;
				SDKROOT = iphoneos;
				SWIFT_ACTIVE_COMPILATION_CONDITIONS = DEBUG;
				SWIFT_OPTIMIZATION_LEVEL = "-Onone";
				TARGETED_DEVICE_FAMILY = "1,2";
			};
			name = Debug;
		};
		9429D88A2254C52000CD24E3 /* Release */ = {
			isa = XCBuildConfiguration;
			buildSettings = {
				ALWAYS_SEARCH_USER_PATHS = NO;
				CLANG_ANALYZER_NONNULL = YES;
				CLANG_ANALYZER_NUMBER_OBJECT_CONVERSION = YES_AGGRESSIVE;
				CLANG_CXX_LANGUAGE_STANDARD = "gnu++0x";
				CLANG_CXX_LIBRARY = "libc++";
				CLANG_ENABLE_MODULES = YES;
				CLANG_ENABLE_OBJC_ARC = YES;
				CLANG_WARN_BOOL_CONVERSION = YES;
				CLANG_WARN_CONSTANT_CONVERSION = YES;
				CLANG_WARN_DIRECT_OBJC_ISA_USAGE = YES_ERROR;
				CLANG_WARN_DOCUMENTATION_COMMENTS = YES;
				CLANG_WARN_EMPTY_BODY = YES;
				CLANG_WARN_ENUM_CONVERSION = YES;
				CLANG_WARN_INFINITE_RECURSION = YES;
				CLANG_WARN_INT_CONVERSION = YES;
				CLANG_WARN_OBJC_ROOT_CLASS = YES_ERROR;
				CLANG_WARN_SUSPICIOUS_MOVE = YES;
				CLANG_WARN_UNREACHABLE_CODE = YES;
				CLANG_WARN__DUPLICATE_METHOD_MATCH = YES;
				"CODE_SIGN_IDENTITY[sdk=iphoneos*]" = "iPhone Developer";
				COPY_PHASE_STRIP = NO;
				DEBUG_INFORMATION_FORMAT = "dwarf-with-dsym";
				ENABLE_NS_ASSERTIONS = NO;
				ENABLE_STRICT_OBJC_MSGSEND = YES;
				GCC_C_LANGUAGE_STANDARD = gnu99;
				GCC_NO_COMMON_BLOCKS = YES;
				GCC_WARN_64_TO_32_BIT_CONVERSION = YES;
				GCC_WARN_ABOUT_RETURN_TYPE = YES_ERROR;
				GCC_WARN_UNDECLARED_SELECTOR = YES;
				GCC_WARN_UNINITIALIZED_AUTOS = YES_AGGRESSIVE;
				GCC_WARN_UNUSED_FUNCTION = YES;
				GCC_WARN_UNUSED_VARIABLE = YES;
				IPHONEOS_DEPLOYMENT_TARGET = 10.3;
				MTL_ENABLE_DEBUG_INFO = NO;
				SDKROOT = iphoneos;
				SWIFT_OPTIMIZATION_LEVEL = "-Owholemodule";
				TARGETED_DEVICE_FAMILY = "1,2";
				VALIDATE_PRODUCT = YES;
			};
			name = Release;
		};
		9429D88C2254C52000CD24E3 /* Debug */ = {
			isa = XCBuildConfiguration;
			buildSettings = {
				ASSETCATALOG_COMPILER_APPICON_NAME = AppIcon;
				INFOPLIST_FILE = "Simple Calculator/Info.plist";
				LD_RUNPATH_SEARCH_PATHS = "$(inherited) @executable_path/Frameworks";
				PRODUCT_BUNDLE_IDENTIFIER = "com.pj.Simple-Calculator";
				PRODUCT_NAME = "$(TARGET_NAME)";
				SWIFT_VERSION = 3.0;
			};
			name = Debug;
		};
		9429D88D2254C52000CD24E3 /* Release */ = {
			isa = XCBuildConfiguration;
			buildSettings = {
				ASSETCATALOG_COMPILER_APPICON_NAME = AppIcon;
				INFOPLIST_FILE = "Simple Calculator/Info.plist";
				LD_RUNPATH_SEARCH_PATHS = "$(inherited) @executable_path/Frameworks";
				PRODUCT_BUNDLE_IDENTIFIER = "com.pj.Simple-Calculator";
				PRODUCT_NAME = "$(TARGET_NAME)";
				SWIFT_VERSION = 3.0;
			};
			name = Release;
		};
		9429D88F2254C52000CD24E3 /* Debug */ = {
			isa = XCBuildConfiguration;
			buildSettings = {
				ALWAYS_EMBED_SWIFT_STANDARD_LIBRARIES = YES;
				BUNDLE_LOADER = "$(TEST_HOST)";
				INFOPLIST_FILE = "Simple CalculatorTests/Info.plist";
				LD_RUNPATH_SEARCH_PATHS = "$(inherited) @executable_path/Frameworks @loader_path/Frameworks";
				PRODUCT_BUNDLE_IDENTIFIER = "com.pj.Simple-CalculatorTests";
				PRODUCT_NAME = "$(TARGET_NAME)";
				SWIFT_VERSION = 3.0;
				TEST_HOST = "$(BUILT_PRODUCTS_DIR)/Simple Calculator.app/Simple Calculator";
			};
			name = Debug;
		};
		9429D8902254C52000CD24E3 /* Release */ = {
			isa = XCBuildConfiguration;
			buildSettings = {
				ALWAYS_EMBED_SWIFT_STANDARD_LIBRARIES = YES;
				BUNDLE_LOADER = "$(TEST_HOST)";
				INFOPLIST_FILE = "Simple CalculatorTests/Info.plist";
				LD_RUNPATH_SEARCH_PATHS = "$(inherited) @executable_path/Frameworks @loader_path/Frameworks";
				PRODUCT_BUNDLE_IDENTIFIER = "com.pj.Simple-CalculatorTests";
				PRODUCT_NAME = "$(TARGET_NAME)";
				SWIFT_VERSION = 3.0;
				TEST_HOST = "$(BUILT_PRODUCTS_DIR)/Simple Calculator.app/Simple Calculator";
			};
			name = Release;
		};
		9429D8922254C52000CD24E3 /* Debug */ = {
			isa = XCBuildConfiguration;
			buildSettings = {
				ALWAYS_EMBED_SWIFT_STANDARD_LIBRARIES = YES;
				INFOPLIST_FILE = "Simple CalculatorUITests/Info.plist";
				LD_RUNPATH_SEARCH_PATHS = "$(inherited) @executable_path/Frameworks @loader_path/Frameworks";
				PRODUCT_BUNDLE_IDENTIFIER = "com.pj.Simple-CalculatorUITests";
				PRODUCT_NAME = "$(TARGET_NAME)";
				SWIFT_VERSION = 3.0;
				TEST_TARGET_NAME = "Simple Calculator";
			};
			name = Debug;
		};
		9429D8932254C52000CD24E3 /* Release */ = {
			isa = XCBuildConfiguration;
			buildSettings = {
				ALWAYS_EMBED_SWIFT_STANDARD_LIBRARIES = YES;
				INFOPLIST_FILE = "Simple CalculatorUITests/Info.plist";
				LD_RUNPATH_SEARCH_PATHS = "$(inherited) @executable_path/Frameworks @loader_path/Frameworks";
				PRODUCT_BUNDLE_IDENTIFIER = "com.pj.Simple-CalculatorUITests";
				PRODUCT_NAME = "$(TARGET_NAME)";
				SWIFT_VERSION = 3.0;
				TEST_TARGET_NAME = "Simple Calculator";
			};
			name = Release;
		};
/* End XCBuildConfiguration section */

/* Begin XCConfigurationList section */
		9429D85E2254C52000CD24E3 /* Build configuration list for PBXProject "Simple Calculator" */ = {
			isa = XCConfigurationList;
			buildConfigurations = (
				9429D8892254C52000CD24E3 /* Debug */,
				9429D88A2254C52000CD24E3 /* Release */,
			);
			defaultConfigurationIsVisible = 0;
			defaultConfigurationName = Release;
		};
		9429D88B2254C52000CD24E3 /* Build configuration list for PBXNativeTarget "Simple Calculator" */ = {
			isa = XCConfigurationList;
			buildConfigurations = (
				9429D88C2254C52000CD24E3 /* Debug */,
				9429D88D2254C52000CD24E3 /* Release */,
			);
			defaultConfigurationIsVisible = 0;
		};
		9429D88E2254C52000CD24E3 /* Build configuration list for PBXNativeTarget "Simple CalculatorTests" */ = {
			isa = XCConfigurationList;
			buildConfigurations = (
				9429D88F2254C52000CD24E3 /* Debug */,
				9429D8902254C52000CD24E3 /* Release */,
			);
			defaultConfigurationIsVisible = 0;
		};
		9429D8912254C52000CD24E3 /* Build configuration list for PBXNativeTarget "Simple CalculatorUITests" */ = {
			isa = XCConfigurationList;
			buildConfigurations = (
				9429D8922254C52000CD24E3 /* Debug */,
				9429D8932254C52000CD24E3 /* Release */,
			);
			defaultConfigurationIsVisible = 0;
		};
/* End XCConfigurationList section */
	};
	rootObject = 9429D85B2254C52000CD24E3 /* Project object */;
}
